
Microsoft Visual Studio Solution File, Format Version 12.00
# Visual Studio Version 17
VisualStudioVersion = 17.8.34408.163
MinimumVisualStudioVersion = 10.0.40219.1
Project("{8BC9CEB8-8B4A-11D0-8D11-00A0C91BC942}") = "Snake", "Snake\Snake.vcxproj", "{74C09488-E0DA-4B38-B001-895D6CCFB2F1}"
EndProject
Global
	GlobalSection(SolutionConfigurationPlatforms) = preSolution
		Debug|x64 = Debug|x64
		Debug|x86 = Debug|x86
		Release|x64 = Release|x64
		Release|x86 = Release|x86
	EndGlobalSection
	GlobalSection(ProjectConfigurationPlatforms) = postSolution
		{74C09488-E0DA-4B38-B001-895D6CCFB2F1}.Debug|x64.ActiveCfg = Debug|x64
		{74C09488-E0DA-4B38-B001-895D6CCFB2F1}.Debug|x64.Build.0 = Debug|x64
		{74C09488-E0DA-4B38-B001-895D6CCFB2F1}.Debug|x86.ActiveCfg = Debug|Win32
		{74C09488-E0DA-4B38-B001-895D6CCFB2F1}.Debug|x86.Build.0 = Debug|Win32
		{74C09488-E0DA-4B38-B001-895D6CCFB2F1}.Release|x64.ActiveCfg = Release|x64
		{74C09488-E0DA-4B38-B001-895D6CCFB2F1}.Release|x64.Build.0 = Release|x64
		{74C09488-E0DA-4B38-B001-895D6CCFB2F1}.Release|x86.ActiveCfg = Release|Win32
		{74C09488-E0DA-4B38-B001-895D6CCFB2F1}.Release|x86.Build.0 = Release|Win32
	EndGlobalSection
	GlobalSection(SolutionProperties) = preSolution
		HideSolutionNode = FALSE
	EndGlobalSection
	GlobalSection(ExtensibilityGlobals) = postSolution
		SolutionGuid = {C87D08EB-3CAE-4DF8-AB88-1ABC0EEAAFBE}
	EndGlobalSection
EndGlobal
